{
    "_readme": [
        "This file locks the dependencies of your project to a known state",
        "Read more about it at http://getcomposer.org/doc/01-basic-usage.md#composer-lock-the-lock-file"
    ],
    "hash": "e66f3568f7b94b123cdbf323da908f54",
    "packages": [
        {
            "name": "facebook/xhp",
            "version": "dev-master",
            "source": {
                "type": "git",
                "url": "https://github.com/rdewilde/xhp.git",
                "reference": "9ecebc3c27abb66de256e2b3accddb8d9b1ac434"
            },
            "dist": {
                "type": "zip",
                "url": "https://api.github.com/repos/rdewilde/xhp/zipball/9ecebc3c27abb66de256e2b3accddb8d9b1ac434",
                "reference": "9ecebc3c27abb66de256e2b3accddb8d9b1ac434",
                "shasum": ""
            },
            "type": "library",
            "autoload": {
                "classmap": [
                    "php-lib/"
                ]
            },
            "notification-url": "https://packagist.org/downloads/",
            "description": "XHP is a PHP extension which augments the syntax of the language such that XML document fragments become valid PHP expressions.",
            "time": "2014-05-03 19:32:42"
        }
    ],
    "packages-dev": [

    ],
    "aliases": [

    ],
    "minimum-stability": "stable",
    "stability-flags": {
        "facebook/xhp": 20
    },
    "platform": [

    ],
    "platform-dev": [

    ]
}
